--- 
dependencies: 
  dm-adjust: 
    group: 
    - :default
    version: ">= 0"
  rack: 
    group: 
    - :default
    version: ">= 0"
  dm-core: 
    group: 
    - :default
    version: ">= 0"
  thin: 
    group: 
    - :default
    version: ">= 0"
  do_sqlite3: 
    group: 
    - :default
    version: ">= 0"
specs: 
- daemons: 
    version: 1.0.10
- extlib: 
    version: 0.9.14
- eventmachine: 
    version: 0.12.10
- thin: 
    version: 1.2.7
- rack: 
    version: 1.1.0
- addressable: 
    version: 2.1.1
- dm-core: 
    version: 0.10.2
- data_objects: 
    version: 0.10.1
- do_sqlite3: 
    version: 0.10.1.1
- dm-adjust: 
    version: 0.10.2
hash: 7f57e3fc311dc6df92a8354b3738f90b9f89916c
sources: 
- Rubygems: 
    uri: http://gemcutter.org
